
Microsoft Visual Studio Solution File, Format Version 12.00
Project("{FAE04EC0-301F-11D3-BF4B-00C04F79EFBC}") = "SecureLoginApp", "SecureLoginApp.csproj", "{4155EE9B-C86A-4E24-BF05-3EE78C577FAA}"
EndProject
Project("{2150E333-8FDC-42A3-9474-1A3956D46DE8}") = "Solution items", "Solution items", "{FCEB7C10-F825-4E54-AC3B-EFA5F488BECC}"
	ProjectSection(SolutionItems) = preProject
		docker-compose.yml = docker-compose.yml
	EndProjectSection
EndProject
Global
	GlobalSection(SolutionConfigurationPlatforms) = preSolution
		Debug|Any CPU = Debug|Any CPU
		Release|Any CPU = Release|Any CPU
	EndGlobalSection
	GlobalSection(ProjectConfigurationPlatforms) = postSolution
		{4155EE9B-C86A-4E24-BF05-3EE78C577FAA}.Debug|Any CPU.ActiveCfg = Debug|Any CPU
		{4155EE9B-C86A-4E24-BF05-3EE78C577FAA}.Debug|Any CPU.Build.0 = Debug|Any CPU
		{4155EE9B-C86A-4E24-BF05-3EE78C577FAA}.Release|Any CPU.ActiveCfg = Release|Any CPU
		{4155EE9B-C86A-4E24-BF05-3EE78C577FAA}.Release|Any CPU.Build.0 = Release|Any CPU
	EndGlobalSection
EndGlobal
